
Microsoft Visual Studio Solution File, Format Version 12.00
# Visual Studio Version 16
VisualStudioVersion = 16.0.29926.136
MinimumVisualStudioVersion = 10.0.40219.1
Project("{FAE04EC0-301F-11D3-BF4B-00C04F79EFBC}") = "Entity", "Entity\Entity.csproj", "{32622D58-F94E-4F42-9ABA-A4A32A592FE2}"
EndProject
Project("{FAE04EC0-301F-11D3-BF4B-00C04F79EFBC}") = "Dal", "Dal\Dal.csproj", "{91D31CD6-085A-4149-8206-29E7D81D2B0F}"
EndProject
Project("{FAE04EC0-301F-11D3-BF4B-00C04F79EFBC}") = "Bll", "Bll\Bll.csproj", "{82801B34-65CB-4502-B403-594857D4EB00}"
EndProject
Project("{FAE04EC0-301F-11D3-BF4B-00C04F79EFBC}") = "RecaudoGUI", "RecaudoGUI\RecaudoGUI.csproj", "{1A58E0D9-609D-48BE-AAF4-B837B07E9F38}"
EndProject
Global
	GlobalSection(SolutionConfigurationPlatforms) = preSolution
		Debug|Any CPU = Debug|Any CPU
		Release|Any CPU = Release|Any CPU
	EndGlobalSection
	GlobalSection(ProjectConfigurationPlatforms) = postSolution
		{32622D58-F94E-4F42-9ABA-A4A32A592FE2}.Debug|Any CPU.ActiveCfg = Debug|Any CPU
		{32622D58-F94E-4F42-9ABA-A4A32A592FE2}.Debug|Any CPU.Build.0 = Debug|Any CPU
		{32622D58-F94E-4F42-9ABA-A4A32A592FE2}.Release|Any CPU.ActiveCfg = Release|Any CPU
		{32622D58-F94E-4F42-9ABA-A4A32A592FE2}.Release|Any CPU.Build.0 = Release|Any CPU
		{91D31CD6-085A-4149-8206-29E7D81D2B0F}.Debug|Any CPU.ActiveCfg = Debug|Any CPU
		{91D31CD6-085A-4149-8206-29E7D81D2B0F}.Debug|Any CPU.Build.0 = Debug|Any CPU
		{91D31CD6-085A-4149-8206-29E7D81D2B0F}.Release|Any CPU.ActiveCfg = Release|Any CPU
		{91D31CD6-085A-4149-8206-29E7D81D2B0F}.Release|Any CPU.Build.0 = Release|Any CPU
		{82801B34-65CB-4502-B403-594857D4EB00}.Debug|Any CPU.ActiveCfg = Debug|Any CPU
		{82801B34-65CB-4502-B403-594857D4EB00}.Debug|Any CPU.Build.0 = Debug|Any CPU
		{82801B34-65CB-4502-B403-594857D4EB00}.Release|Any CPU.ActiveCfg = Release|Any CPU
		{82801B34-65CB-4502-B403-594857D4EB00}.Release|Any CPU.Build.0 = Release|Any CPU
		{1A58E0D9-609D-48BE-AAF4-B837B07E9F38}.Debug|Any CPU.ActiveCfg = Debug|Any CPU
		{1A58E0D9-609D-48BE-AAF4-B837B07E9F38}.Debug|Any CPU.Build.0 = Debug|Any CPU
		{1A58E0D9-609D-48BE-AAF4-B837B07E9F38}.Release|Any CPU.ActiveCfg = Release|Any CPU
		{1A58E0D9-609D-48BE-AAF4-B837B07E9F38}.Release|Any CPU.Build.0 = Release|Any CPU
	EndGlobalSection
	GlobalSection(SolutionProperties) = preSolution
		HideSolutionNode = FALSE
	EndGlobalSection
	GlobalSection(ExtensibilityGlobals) = postSolution
		SolutionGuid = {32502331-1A09-49C9-BEA1-092E31BA8D57}
	EndGlobalSection
EndGlobal
